// !$*UTF8*$!
{
	archiveVersion = 1;
	classes = {
	};
	objectVersion = 46;
	objects = {

/* Begin PBXBuildFile section */
		678E2C3B1DF6CD81003E4F8B /* AppDelegate.swift in Sources */ = {isa = PBXBuildFile; fileRef = 678E2C3A1DF6CD81003E4F8B /* AppDelegate.swift */; };
		678E2C3D1DF6CD81003E4F8B /* ViewController.swift in Sources */ = {isa = PBXBuildFile; fileRef = 678E2C3C1DF6CD81003E4F8B /* ViewController.swift */; };
		678E2C401DF6CD81003E4F8B /* Main.storyboard in Resources */ = {isa = PBXBuildFile; fileRef = 678E2C3E1DF6CD81003E4F8B /* Main.storyboard */; };
		678E2C431DF6CD81003E4F8B /* swiftSavePWD.xcdatamodeld in Sources */ = {isa = PBXBuildFile; fileRef = 678E2C411DF6CD81003E4F8B /* swiftSavePWD.xcdatamodeld */; };
		678E2C451DF6CD81003E4F8B /* Assets.xcassets in Resources */ = {isa = PBXBuildFile; fileRef = 678E2C441DF6CD81003E4F8B /* Assets.xcassets */; };
		678E2C481DF6CD81003E4F8B /* LaunchScreen.storyboard in Resources */ = {isa = PBXBuildFile; fileRef = 678E2C461DF6CD81003E4F8B /* LaunchScreen.storyboard */; };
/* End PBXBuildFile section */

/* Begin PBXFileReference section */
		678E2C371DF6CD81003E4F8B /* swiftSavePWD.app */ = {isa = PBXFileReference; explicitFileType = wrapper.application; includeInIndex = 0; path = swiftSavePWD.app; sourceTree = BUILT_PRODUCTS_DIR; };
		678E2C3A1DF6CD81003E4F8B /* AppDelegate.swift */ = {isa = PBXFileReference; lastKnownFileType = sourcecode.swift; path = AppDelegate.swift; sourceTree = "<group>"; };
		678E2C3C1DF6CD81003E4F8B /* ViewController.swift */ = {isa = PBXFileReference; lastKnownFileType = sourcecode.swift; path = ViewController.swift; sourceTree = "<group>"; };
		678E2C3F1DF6CD81003E4F8B /* Base */ = {isa = PBXFileReference; lastKnownFileType = file.storyboard; name = Base; path = Base.lproj/Main.storyboard; sourceTree = "<group>"; };
		678E2C421DF6CD81003E4F8B /* swiftSavePWD.xcdatamodel */ = {isa = PBXFileReference; lastKnownFileType = wrapper.xcdatamodel; path = swiftSavePWD.xcdatamodel; sourceTree = "<group>"; };
		678E2C441DF6CD81003E4F8B /* Assets.xcassets */ = {isa = PBXFileReference; lastKnownFileType = folder.assetcatalog; path = Assets.xcassets; sourceTree = "<group>"; };
		678E2C471DF6CD81003E4F8B /* Base */ = {isa = PBXFileReference; lastKnownFileType = file.storyboard; name = Base; path = Base.lproj/LaunchScreen.storyboard; sourceTree = "<group>"; };
		678E2C491DF6CD81003E4F8B /* Info.plist */ = {isa = PBXFileReference; lastKnownFileType = text.plist.xml; path = Info.plist; sourceTree = "<group>"; };
/* End PBXFileReference section */

/* Begin PBXFrameworksBuildPhase section */
		678E2C341DF6CD81003E4F8B /* Frameworks */ = {
			isa = PBXFrameworksBuildPhase;
			buildActionMask = 2147483647;
			files = (
			);
			runOnlyForDeploymentPostprocessing = 0;
		};
/* End PBXFrameworksBuildPhase section */

/* Begin PBXGroup section */
		678E2C2E1DF6CD81003E4F8B = {
			isa = PBXGroup;
			children = (
				678E2C391DF6CD81003E4F8B /* swiftSavePWD */,
				678E2C381DF6CD81003E4F8B /* Products */,
			);
			sourceTree = "<group>";
		};
		678E2C381DF6CD81003E4F8B /* Products */ = {
			isa = PBXGroup;
			children = (
				678E2C371DF6CD81003E4F8B /* swiftSavePWD.app */,
			);
			name = Products;
			sourceTree = "<group>";
		};
		678E2C391DF6CD81003E4F8B /* swiftSavePWD */ = {
			isa = PBXGroup;
			children = (
				678E2C511DF8085D003E4F8B /* Data Model */,
				678E2C501DF8084F003E4F8B /* Storyboard */,
				678E2C4F1DF80842003E4F8B /* Controller */,
				678E2C3A1DF6CD81003E4F8B /* AppDelegate.swift */,
				678E2C441DF6CD81003E4F8B /* Assets.xcassets */,
				678E2C491DF6CD81003E4F8B /* Info.plist */,
			);
			path = swiftSavePWD;
			sourceTree = "<group>";
		};
		678E2C4F1DF80842003E4F8B /* Controller */ = {
			isa = PBXGroup;
			children = (
				678E2C3C1DF6CD81003E4F8B /* ViewController.swift */,
			);
			name = Controller;
			sourceTree = "<group>";
		};
		678E2C501DF8084F003E4F8B /* Storyboard */ = {
			isa = PBXGroup;
			children = (
				678E2C3E1DF6CD81003E4F8B /* Main.storyboard */,
				678E2C461DF6CD81003E4F8B /* LaunchScreen.storyboard */,
			);
			name = Storyboard;
			sourceTree = "<group>";
		};
		678E2C511DF8085D003E4F8B /* Data Model */ = {
			isa = PBXGroup;
			children = (
				678E2C411DF6CD81003E4F8B /* swiftSavePWD.xcdatamodeld */,
			);
			name = "Data Model";
			sourceTree = "<group>";
		};
/* End PBXGroup section */

/* Begin PBXNativeTarget section */
		678E2C361DF6CD81003E4F8B /* swiftSavePWD */ = {
			isa = PBXNativeTarget;
			buildConfigurationList = 678E2C4C1DF6CD81003E4F8B /* Build configuration list for PBXNativeTarget "swiftSavePWD" */;
			buildPhases = (
				678E2C331DF6CD81003E4F8B /* Sources */,
				678E2C341DF6CD81003E4F8B /* Frameworks */,
				678E2C351DF6CD81003E4F8B /* Resources */,
			);
			buildRules = (
			);
			dependencies = (
			);
			name = swiftSavePWD;
			productName = swiftSavePWD;
			productReference = 678E2C371DF6CD81003E4F8B /* swiftSavePWD.app */;
			productType = "com.apple.product-type.application";
		};
/* End PBXNativeTarget section */

/* Begin PBXProject section */
		678E2C2F1DF6CD81003E4F8B /* Project object */ = {
			isa = PBXProject;
			attributes = {
				LastSwiftUpdateCheck = 0810;
				LastUpgradeCheck = 0810;
				ORGANIZATIONNAME = "Meloni Walter spa";
				TargetAttributes = {
					678E2C361DF6CD81003E4F8B = {
						CreatedOnToolsVersion = 8.1;
						DevelopmentTeam = 6578V8P9SJ;
						ProvisioningStyle = Automatic;
					};
				};
			};
			buildConfigurationList = 678E2C321DF6CD81003E4F8B /* Build configuration list for PBXProject "swiftSavePWD" */;
			compatibilityVersion = "Xcode 3.2";
			developmentRegion = English;
			hasScannedForEncodings = 0;
			knownRegions = (
				en,
				Base,
			);
			mainGroup = 678E2C2E1DF6CD81003E4F8B;
			productRefGroup = 678E2C381DF6CD81003E4F8B /* Products */;
			projectDirPath = "";
			projectRoot = "";
			targets = (
				678E2C361DF6CD81003E4F8B /* swiftSavePWD */,
			);
		};
/* End PBXProject section */

/* Begin PBXResourcesBuildPhase section */
		678E2C351DF6CD81003E4F8B /* Resources */ = {
			isa = PBXResourcesBuildPhase;
			buildActionMask = 2147483647;
			files = (
				678E2C481DF6CD81003E4F8B /* LaunchScreen.storyboard in Resources */,
				678E2C451DF6CD81003E4F8B /* Assets.xcassets in Resources */,
				678E2C401DF6CD81003E4F8B /* Main.storyboard in Resources */,
			);
			runOnlyForDeploymentPostprocessing = 0;
		};
/* End PBXResourcesBuildPhase section */

/* Begin PBXSourcesBuildPhase section */
		678E2C331DF6CD81003E4F8B /* Sources */ = {
			isa = PBXSourcesBuildPhase;
			buildActionMask = 2147483647;
			files = (
				678E2C3D1DF6CD81003E4F8B /* ViewController.swift in Sources */,
				678E2C431DF6CD81003E4F8B /* swiftSavePWD.xcdatamodeld in Sources */,
				678E2C3B1DF6CD81003E4F8B /* AppDelegate.swift in Sources */,
			);
			runOnlyForDeploymentPostprocessing = 0;
		};
/* End PBXSourcesBuildPhase section */

/* Begin PBXVariantGroup section */
		678E2C3E1DF6CD81003E4F8B /* Main.storyboard */ = {
			isa = PBXVariantGroup;
			children = (
				678E2C3F1DF6CD81003E4F8B /* Base */,
			);
			name = Main.storyboard;
			sourceTree = "<group>";
		};
		678E2C461DF6CD81003E4F8B /* LaunchScreen.storyboard */ = {
			isa = PBXVariantGroup;
			children = (
				678E2C471DF6CD81003E4F8B /* Base */,
			);
			name = LaunchScreen.storyboard;
			sourceTree = "<group>";
		};
/* End PBXVariantGroup section */

/* Begin XCBuildConfiguration section */
		678E2C4A1DF6CD81003E4F8B /* Debug */ = {
			isa = XCBuildConfiguration;
			buildSettings = {
				ALWAYS_SEARCH_USER_PATHS = NO;
				CLANG_ANALYZER_NONNULL = YES;
				CLANG_CXX_LANGUAGE_STANDARD = "gnu++0x";
				CLANG_CXX_LIBRARY = "libc++";
				CLANG_ENABLE_MODULES = YES;
				CLANG_ENABLE_OBJC_ARC = YES;
				CLANG_WARN_BOOL_CONVERSION = YES;
				CLANG_WARN_CONSTANT_CONVERSION = YES;
				CLANG_WARN_DIRECT_OBJC_ISA_USAGE = YES_ERROR;
				CLANG_WARN_DOCUMENTATION_COMMENTS = YES;
				CLANG_WARN_EMPTY_BODY = YES;
				CLANG_WARN_ENUM_CONVERSION = YES;
				CLANG_WARN_INFINITE_RECURSION = YES;
				CLANG_WARN_INT_CONVERSION = YES;
				CLANG_WARN_OBJC_ROOT_CLASS = YES_ERROR;
				CLANG_WARN_SUSPICIOUS_MOVES = YES;
				CLANG_WARN_UNREACHABLE_CODE = YES;
				CLANG_WARN__DUPLICATE_METHOD_MATCH = YES;
				"CODE_SIGN_IDENTITY[sdk=iphoneos*]" = "iPhone Developer";
				COPY_PHASE_STRIP = NO;
				DEBUG_INFORMATION_FORMAT = dwarf;
				ENABLE_STRICT_OBJC_MSGSEND = YES;
				ENABLE_TESTABILITY = YES;
				GCC_C_LANGUAGE_STANDARD = gnu99;
				GCC_DYNAMIC_NO_PIC = NO;
				GCC_NO_COMMON_BLOCKS = YES;
				GCC_OPTIMIZATION_LEVEL = 0;
				GCC_PREPROCESSOR_DEFINITIONS = (
					"DEBUG=1",
					"$(inherited)",
				);
				GCC_WARN_64_TO_32_BIT_CONVERSION = YES;
				GCC_WARN_ABOUT_RETURN_TYPE = YES_ERROR;
				GCC_WARN_UNDECLARED_SELECTOR = YES;
				GCC_WARN_UNINITIALIZED_AUTOS = YES_AGGRESSIVE;
				GCC_WARN_UNUSED_FUNCTION = YES;
				GCC_WARN_UNUSED_VARIABLE = YES;
				IPHONEOS_DEPLOYMENT_TARGET = 10.1;
				MTL_ENABLE_DEBUG_INFO = YES;
				ONLY_ACTIVE_ARCH = YES;
				SDKROOT = iphoneos;
				SWIFT_ACTIVE_COMPILATION_CONDITIONS = DEBUG;
				SWIFT_OPTIMIZATION_LEVEL = "-Onone";
				TARGETED_DEVICE_FAMILY = "1,2";
			};
			name = Debug;
		};
		678E2C4B1DF6CD81003E4F8B /* Release */ = {
			isa = XCBuildConfiguration;
			buildSettings = {
				ALWAYS_SEARCH_USER_PATHS = NO;
				CLANG_ANALYZER_NONNULL = YES;
				CLANG_CXX_LANGUAGE_STANDARD = "gnu++0x";
				CLANG_CXX_LIBRARY = "libc++";
				CLANG_ENABLE_MODULES = YES;
				CLANG_ENABLE_OBJC_ARC = YES;
				CLANG_WARN_BOOL_CONVERSION = YES;
				CLANG_WARN_CONSTANT_CONVERSION = YES;
				CLANG_WARN_DIRECT_OBJC_ISA_USAGE = YES_ERROR;
				CLANG_WARN_DOCUMENTATION_COMMENTS = YES;
				CLANG_WARN_EMPTY_BODY = YES;
				CLANG_WARN_ENUM_CONVERSION = YES;
				CLANG_WARN_INFINITE_RECURSION = YES;
				CLANG_WARN_INT_CONVERSION = YES;
				CLANG_WARN_OBJC_ROOT_CLASS = YES_ERROR;
				CLANG_WARN_SUSPICIOUS_MOVES = YES;
				CLANG_WARN_UNREACHABLE_CODE = YES;
				CLANG_WARN__DUPLICATE_METHOD_MATCH = YES;
				"CODE_SIGN_IDENTITY[sdk=iphoneos*]" = "iPhone Developer";
				COPY_PHASE_STRIP = NO;
				DEBUG_INFORMATION_FORMAT = "dwarf-with-dsym";
				ENABLE_NS_ASSERTIONS = NO;
				ENABLE_STRICT_OBJC_MSGSEND = YES;
				GCC_C_LANGUAGE_STANDARD = gnu99;
				GCC_NO_COMMON_BLOCKS = YES;
				GCC_WARN_64_TO_32_BIT_CONVERSION = YES;
				GCC_WARN_ABOUT_RETURN_TYPE = YES_ERROR;
				GCC_WARN_UNDECLARED_SELECTOR = YES;
				GCC_WARN_UNINITIALIZED_AUTOS = YES_AGGRESSIVE;
				GCC_WARN_UNUSED_FUNCTION = YES;
				GCC_WARN_UNUSED_VARIABLE = YES;
				IPHONEOS_DEPLOYMENT_TARGET = 10.1;
				MTL_ENABLE_DEBUG_INFO = NO;
				SDKROOT = iphoneos;
				SWIFT_OPTIMIZATION_LEVEL = "-Owholemodule";
				TARGETED_DEVICE_FAMILY = "1,2";
				VALIDATE_PRODUCT = YES;
			};
			name = Release;
		};
		678E2C4D1DF6CD81003E4F8B /* Debug */ = {
			isa = XCBuildConfiguration;
			buildSettings = {
				ASSETCATALOG_COMPILER_APPICON_NAME = AppIcon;
				DEVELOPMENT_TEAM = 6578V8P9SJ;
				INFOPLIST_FILE = swiftSavePWD/Info.plist;
				LD_RUNPATH_SEARCH_PATHS = "$(inherited) @executable_path/Frameworks";
				PRODUCT_BUNDLE_IDENTIFIER = it.melonigroup.swiftSavePWD;
				PRODUCT_NAME = "$(TARGET_NAME)";
				SWIFT_VERSION = 3.0;
			};
			name = Debug;
		};
		678E2C4E1DF6CD81003E4F8B /* Release */ = {
			isa = XCBuildConfiguration;
			buildSettings = {
				ASSETCATALOG_COMPILER_APPICON_NAME = AppIcon;
				DEVELOPMENT_TEAM = 6578V8P9SJ;
				INFOPLIST_FILE = swiftSavePWD/Info.plist;
				LD_RUNPATH_SEARCH_PATHS = "$(inherited) @executable_path/Frameworks";
				PRODUCT_BUNDLE_IDENTIFIER = it.melonigroup.swiftSavePWD;
				PRODUCT_NAME = "$(TARGET_NAME)";
				SWIFT_VERSION = 3.0;
			};
			name = Release;
		};
/* End XCBuildConfiguration section */

/* Begin XCConfigurationList section */
		678E2C321DF6CD81003E4F8B /* Build configuration list for PBXProject "swiftSavePWD" */ = {
			isa = XCConfigurationList;
			buildConfigurations = (
				678E2C4A1DF6CD81003E4F8B /* Debug */,
				678E2C4B1DF6CD81003E4F8B /* Release */,
			);
			defaultConfigurationIsVisible = 0;
			defaultConfigurationName = Release;
		};
		678E2C4C1DF6CD81003E4F8B /* Build configuration list for PBXNativeTarget "swiftSavePWD" */ = {
			isa = XCConfigurationList;
			buildConfigurations = (
				678E2C4D1DF6CD81003E4F8B /* Debug */,
				678E2C4E1DF6CD81003E4F8B /* Release */,
			);
			defaultConfigurationIsVisible = 0;
		};
/* End XCConfigurationList section */

/* Begin XCVersionGroup section */
		678E2C411DF6CD81003E4F8B /* swiftSavePWD.xcdatamodeld */ = {
			isa = XCVersionGroup;
			children = (
				678E2C421DF6CD81003E4F8B /* swiftSavePWD.xcdatamodel */,
			);
			currentVersion = 678E2C421DF6CD81003E4F8B /* swiftSavePWD.xcdatamodel */;
			path = swiftSavePWD.xcdatamodeld;
			sourceTree = "<group>";
			versionGroupType = wrapper.xcdatamodel;
		};
/* End XCVersionGroup section */
	};
	rootObject = 678E2C2F1DF6CD81003E4F8B /* Project object */;
}
